
Microsoft Visual Studio Solution File, Format Version 12.00
# Visual Studio Version 16
VisualStudioVersion = 16.0.28803.156
MinimumVisualStudioVersion = 10.0.40219.1
Project("{FAE04EC0-301F-11D3-BF4B-00C04F79EFBC}") = "DesignPatternsTraining", "DesignPatternsTraining.csproj", "{AF55E2F1-9C0B-4972-AD9D-C24FF414896A}"
EndProject
Global
	GlobalSection(SolutionConfigurationPlatforms) = preSolution
		Debug|Any CPU = Debug|Any CPU
		Release|Any CPU = Release|Any CPU
	EndGlobalSection
	GlobalSection(ProjectConfigurationPlatforms) = postSolution
		{AF55E2F1-9C0B-4972-AD9D-C24FF414896A}.Debug|Any CPU.ActiveCfg = Debug|Any CPU
		{AF55E2F1-9C0B-4972-AD9D-C24FF414896A}.Debug|Any CPU.Build.0 = Debug|Any CPU
		{AF55E2F1-9C0B-4972-AD9D-C24FF414896A}.Release|Any CPU.ActiveCfg = Release|Any CPU
		{AF55E2F1-9C0B-4972-AD9D-C24FF414896A}.Release|Any CPU.Build.0 = Release|Any CPU
	EndGlobalSection
	GlobalSection(SolutionProperties) = preSolution
		HideSolutionNode = FALSE
	EndGlobalSection
	GlobalSection(ExtensibilityGlobals) = postSolution
		SolutionGuid = {12DF3555-C12C-4BB7-A33C-0E62A2906F24}
	EndGlobalSection
EndGlobal
